// !$*UTF8*$!
{
	archiveVersion = 1;
	classes = {
	};
	objectVersion = 52;
	objects = {

/* Begin PBXBuildFile section */
		DA193B0C27D3B136006FFE5F /* WhisprGenericViews in Frameworks */ = {isa = PBXBuildFile; productRef = DA193B0B27D3B136006FFE5F /* WhisprGenericViews */; };
		DA57CDA02735756A00A3E4B8 /* SpeakerConfigurationView.swift in Sources */ = {isa = PBXBuildFile; fileRef = DA57CD9F2735756A00A3E4B8 /* SpeakerConfigurationView.swift */; };
		DA57CDA22735761A00A3E4B8 /* SpeakerConfigButtonCell.swift in Sources */ = {isa = PBXBuildFile; fileRef = DA57CDA12735761A00A3E4B8 /* SpeakerConfigButtonCell.swift */; };
		DA67C23C2719BFAF009E2CFE /* SpeakersListView.swift in Sources */ = {isa = PBXBuildFile; fileRef = DA67C23B2719BFAF009E2CFE /* SpeakersListView.swift */; };
		DA67C2402719DBE9009E2CFE /* Barlow-SemiBold.ttf in Resources */ = {isa = PBXBuildFile; fileRef = DA67C23F2719DBE9009E2CFE /* Barlow-SemiBold.ttf */; };
		DA67C2422719E2F6009E2CFE /* NavBarSettings.swift in Sources */ = {isa = PBXBuildFile; fileRef = DA67C2412719E2F6009E2CFE /* NavBarSettings.swift */; };
		DA67C2442719E882009E2CFE /* SpeakerView.swift in Sources */ = {isa = PBXBuildFile; fileRef = DA67C2432719E882009E2CFE /* SpeakerView.swift */; };
		DA888DC52690AD5500C5734B /* SpeakerSelectCellTestView.swift in Sources */ = {isa = PBXBuildFile; fileRef = DA888DC42690AD5500C5734B /* SpeakerSelectCellTestView.swift */; };
		DA888DCF2690DE1800C5734B /* AddSpeakerCell.swift in Sources */ = {isa = PBXBuildFile; fileRef = DA888DCE2690DE1800C5734B /* AddSpeakerCell.swift */; };
		DAC0EE4827908005005CCBC2 /* ConfigSwitchCell.swift in Sources */ = {isa = PBXBuildFile; fileRef = DAC0EE4727908005005CCBC2 /* ConfigSwitchCell.swift */; };
		DAC647C2275BB27D0075DD15 /* AddSpeakerView.swift in Sources */ = {isa = PBXBuildFile; fileRef = DAC647C1275BB27D0075DD15 /* AddSpeakerView.swift */; };
		DAC647C4275BBACA0075DD15 /* AddConfigView.swift in Sources */ = {isa = PBXBuildFile; fileRef = DAC647C3275BBACA0075DD15 /* AddConfigView.swift */; };
		DAC647C6275BBC8E0075DD15 /* AddConfigCell.swift in Sources */ = {isa = PBXBuildFile; fileRef = DAC647C5275BBC8E0075DD15 /* AddConfigCell.swift */; };
		DAC647C9275BCE9A0075DD15 /* Speaker.swift in Sources */ = {isa = PBXBuildFile; fileRef = DAC647C8275BCE9A0075DD15 /* Speaker.swift */; };
		DAC647CB275BD01B0075DD15 /* SpeakerConfig.swift in Sources */ = {isa = PBXBuildFile; fileRef = DAC647CA275BD01B0075DD15 /* SpeakerConfig.swift */; };
		DADBD5C2266FE5A000E7DB8F /* WhisprApp.swift in Sources */ = {isa = PBXBuildFile; fileRef = DADBD5C1266FE5A000E7DB8F /* WhisprApp.swift */; };
		DADBD5C4266FE5A000E7DB8F /* ContentView.swift in Sources */ = {isa = PBXBuildFile; fileRef = DADBD5C3266FE5A000E7DB8F /* ContentView.swift */; };
		DADBD5C6266FE5A100E7DB8F /* Assets.xcassets in Resources */ = {isa = PBXBuildFile; fileRef = DADBD5C5266FE5A100E7DB8F /* Assets.xcassets */; };
		DADBD5C9266FE5A100E7DB8F /* Preview Assets.xcassets in Resources */ = {isa = PBXBuildFile; fileRef = DADBD5C8266FE5A100E7DB8F /* Preview Assets.xcassets */; };
		DADBD5D4266FE5A200E7DB8F /* WhisprTests.swift in Sources */ = {isa = PBXBuildFile; fileRef = DADBD5D3266FE5A200E7DB8F /* WhisprTests.swift */; };
		DADBD5DF266FE5A200E7DB8F /* WhisprUITests.swift in Sources */ = {isa = PBXBuildFile; fileRef = DADBD5DE266FE5A200E7DB8F /* WhisprUITests.swift */; };
		DADBD5FF267112D800E7DB8F /* Colors.xcassets in Resources */ = {isa = PBXBuildFile; fileRef = DADBD5FE267112D800E7DB8F /* Colors.xcassets */; };
		DADBD61F267130CE00E7DB8F /* Barlow-Medium.ttf in Resources */ = {isa = PBXBuildFile; fileRef = DADBD61C267130CE00E7DB8F /* Barlow-Medium.ttf */; };
		DADBD620267130CE00E7DB8F /* Barlow-ThinItalic.ttf in Resources */ = {isa = PBXBuildFile; fileRef = DADBD61D267130CE00E7DB8F /* Barlow-ThinItalic.ttf */; };
		DADBD621267130CE00E7DB8F /* Barlow-Regular.ttf in Resources */ = {isa = PBXBuildFile; fileRef = DADBD61E267130CE00E7DB8F /* Barlow-Regular.ttf */; };
		DADBD62E2690A33700E7DB8F /* SpeakerSelectCell.swift in Sources */ = {isa = PBXBuildFile; fileRef = DADBD62D2690A33700E7DB8F /* SpeakerSelectCell.swift */; };
		DAE2091B26E4C272007C3DA4 /* ColorManager.swift in Sources */ = {isa = PBXBuildFile; fileRef = DAE2091926E4C272007C3DA4 /* ColorManager.swift */; };
		DAE2091C26E4C272007C3DA4 /* FontManager.swift in Sources */ = {isa = PBXBuildFile; fileRef = DAE2091A26E4C272007C3DA4 /* FontManager.swift */; };
/* End PBXBuildFile section */

/* Begin PBXContainerItemProxy section */
		DADBD5D0266FE5A200E7DB8F /* PBXContainerItemProxy */ = {
			isa = PBXContainerItemProxy;
			containerPortal = DADBD5B6266FE5A000E7DB8F /* Project object */;
			proxyType = 1;
			remoteGlobalIDString = DADBD5BD266FE5A000E7DB8F;
			remoteInfo = Whispr;
		};
		DADBD5DB266FE5A200E7DB8F /* PBXContainerItemProxy */ = {
			isa = PBXContainerItemProxy;
			containerPortal = DADBD5B6266FE5A000E7DB8F /* Project object */;
			proxyType = 1;
			remoteGlobalIDString = DADBD5BD266FE5A000E7DB8F;
			remoteInfo = Whispr;
		};
/* End PBXContainerItemProxy section */

/* Begin PBXFileReference section */
		DA193B0A27D3AFEA006FFE5F /* WhisprGenericViews */ = {isa = PBXFileReference; lastKnownFileType = folder; name = WhisprGenericViews; path = Whispr/WhisprGenericViews; sourceTree = "<group>"; };
		DA57CD9F2735756A00A3E4B8 /* SpeakerConfigurationView.swift */ = {isa = PBXFileReference; lastKnownFileType = sourcecode.swift; path = SpeakerConfigurationView.swift; sourceTree = "<group>"; };
		DA57CDA12735761A00A3E4B8 /* SpeakerConfigButtonCell.swift */ = {isa = PBXFileReference; lastKnownFileType = sourcecode.swift; path = SpeakerConfigButtonCell.swift; sourceTree = "<group>"; };
		DA67C23B2719BFAF009E2CFE /* SpeakersListView.swift */ = {isa = PBXFileReference; lastKnownFileType = sourcecode.swift; path = SpeakersListView.swift; sourceTree = "<group>"; };
		DA67C23F2719DBE9009E2CFE /* Barlow-SemiBold.ttf */ = {isa = PBXFileReference; lastKnownFileType = file; path = "Barlow-SemiBold.ttf"; sourceTree = "<group>"; };
		DA67C2412719E2F6009E2CFE /* NavBarSettings.swift */ = {isa = PBXFileReference; lastKnownFileType = sourcecode.swift; path = NavBarSettings.swift; sourceTree = "<group>"; };
		DA67C2432719E882009E2CFE /* SpeakerView.swift */ = {isa = PBXFileReference; lastKnownFileType = sourcecode.swift; path = SpeakerView.swift; sourceTree = "<group>"; };
		DA888DC42690AD5500C5734B /* SpeakerSelectCellTestView.swift */ = {isa = PBXFileReference; lastKnownFileType = sourcecode.swift; path = SpeakerSelectCellTestView.swift; sourceTree = "<group>"; };
		DA888DCE2690DE1800C5734B /* AddSpeakerCell.swift */ = {isa = PBXFileReference; lastKnownFileType = sourcecode.swift; path = AddSpeakerCell.swift; sourceTree = "<group>"; };
		DAC0EE4727908005005CCBC2 /* ConfigSwitchCell.swift */ = {isa = PBXFileReference; lastKnownFileType = sourcecode.swift; path = ConfigSwitchCell.swift; sourceTree = "<group>"; };
		DAC647C1275BB27D0075DD15 /* AddSpeakerView.swift */ = {isa = PBXFileReference; lastKnownFileType = sourcecode.swift; path = AddSpeakerView.swift; sourceTree = "<group>"; };
		DAC647C3275BBACA0075DD15 /* AddConfigView.swift */ = {isa = PBXFileReference; lastKnownFileType = sourcecode.swift; path = AddConfigView.swift; sourceTree = "<group>"; };
		DAC647C5275BBC8E0075DD15 /* AddConfigCell.swift */ = {isa = PBXFileReference; lastKnownFileType = sourcecode.swift; path = AddConfigCell.swift; sourceTree = "<group>"; };
		DAC647C8275BCE9A0075DD15 /* Speaker.swift */ = {isa = PBXFileReference; lastKnownFileType = sourcecode.swift; path = Speaker.swift; sourceTree = "<group>"; };
		DAC647CA275BD01B0075DD15 /* SpeakerConfig.swift */ = {isa = PBXFileReference; lastKnownFileType = sourcecode.swift; path = SpeakerConfig.swift; sourceTree = "<group>"; };
		DADBD5BE266FE5A000E7DB8F /* Whispr.app */ = {isa = PBXFileReference; explicitFileType = wrapper.application; includeInIndex = 0; path = Whispr.app; sourceTree = BUILT_PRODUCTS_DIR; };
		DADBD5C1266FE5A000E7DB8F /* WhisprApp.swift */ = {isa = PBXFileReference; lastKnownFileType = sourcecode.swift; path = WhisprApp.swift; sourceTree = "<group>"; };
		DADBD5C3266FE5A000E7DB8F /* ContentView.swift */ = {isa = PBXFileReference; lastKnownFileType = sourcecode.swift; path = ContentView.swift; sourceTree = "<group>"; };
		DADBD5C5266FE5A100E7DB8F /* Assets.xcassets */ = {isa = PBXFileReference; lastKnownFileType = folder.assetcatalog; path = Assets.xcassets; sourceTree = "<group>"; };
		DADBD5C8266FE5A100E7DB8F /* Preview Assets.xcassets */ = {isa = PBXFileReference; lastKnownFileType = folder.assetcatalog; path = "Preview Assets.xcassets"; sourceTree = "<group>"; };
		DADBD5CA266FE5A100E7DB8F /* Info.plist */ = {isa = PBXFileReference; lastKnownFileType = text.plist.xml; path = Info.plist; sourceTree = "<group>"; };
		DADBD5CF266FE5A200E7DB8F /* WhisprTests.xctest */ = {isa = PBXFileReference; explicitFileType = wrapper.cfbundle; includeInIndex = 0; path = WhisprTests.xctest; sourceTree = BUILT_PRODUCTS_DIR; };
		DADBD5D3266FE5A200E7DB8F /* WhisprTests.swift */ = {isa = PBXFileReference; lastKnownFileType = sourcecode.swift; path = WhisprTests.swift; sourceTree = "<group>"; };
		DADBD5D5266FE5A200E7DB8F /* Info.plist */ = {isa = PBXFileReference; lastKnownFileType = text.plist.xml; path = Info.plist; sourceTree = "<group>"; };
		DADBD5DA266FE5A200E7DB8F /* WhisprUITests.xctest */ = {isa = PBXFileReference; explicitFileType = wrapper.cfbundle; includeInIndex = 0; path = WhisprUITests.xctest; sourceTree = BUILT_PRODUCTS_DIR; };
		DADBD5DE266FE5A200E7DB8F /* WhisprUITests.swift */ = {isa = PBXFileReference; lastKnownFileType = sourcecode.swift; path = WhisprUITests.swift; sourceTree = "<group>"; };
		DADBD5E0266FE5A200E7DB8F /* Info.plist */ = {isa = PBXFileReference; lastKnownFileType = text.plist.xml; path = Info.plist; sourceTree = "<group>"; };
		DADBD5FE267112D800E7DB8F /* Colors.xcassets */ = {isa = PBXFileReference; lastKnownFileType = folder.assetcatalog; path = Colors.xcassets; sourceTree = "<group>"; };
		DADBD61C267130CE00E7DB8F /* Barlow-Medium.ttf */ = {isa = PBXFileReference; lastKnownFileType = file; path = "Barlow-Medium.ttf"; sourceTree = "<group>"; };
		DADBD61D267130CE00E7DB8F /* Barlow-ThinItalic.ttf */ = {isa = PBXFileReference; lastKnownFileType = file; path = "Barlow-ThinItalic.ttf"; sourceTree = "<group>"; };
		DADBD61E267130CE00E7DB8F /* Barlow-Regular.ttf */ = {isa = PBXFileReference; lastKnownFileType = file; path = "Barlow-Regular.ttf"; sourceTree = "<group>"; };
		DADBD62D2690A33700E7DB8F /* SpeakerSelectCell.swift */ = {isa = PBXFileReference; lastKnownFileType = sourcecode.swift; path = SpeakerSelectCell.swift; sourceTree = "<group>"; };
		DAE2091926E4C272007C3DA4 /* ColorManager.swift */ = {isa = PBXFileReference; fileEncoding = 4; lastKnownFileType = sourcecode.swift; path = ColorManager.swift; sourceTree = "<group>"; };
		DAE2091A26E4C272007C3DA4 /* FontManager.swift */ = {isa = PBXFileReference; fileEncoding = 4; lastKnownFileType = sourcecode.swift; path = FontManager.swift; sourceTree = "<group>"; };
/* End PBXFileReference section */

/* Begin PBXFrameworksBuildPhase section */
		DADBD5BB266FE5A000E7DB8F /* Frameworks */ = {
			isa = PBXFrameworksBuildPhase;
			buildActionMask = 2147483647;
			files = (
				DA193B0C27D3B136006FFE5F /* WhisprGenericViews in Frameworks */,
			);
			runOnlyForDeploymentPostprocessing = 0;
		};
		DADBD5CC266FE5A200E7DB8F /* Frameworks */ = {
			isa = PBXFrameworksBuildPhase;
			buildActionMask = 2147483647;
			files = (
			);
			runOnlyForDeploymentPostprocessing = 0;
		};
		DADBD5D7266FE5A200E7DB8F /* Frameworks */ = {
			isa = PBXFrameworksBuildPhase;
			buildActionMask = 2147483647;
			files = (
			);
			runOnlyForDeploymentPostprocessing = 0;
		};
/* End PBXFrameworksBuildPhase section */

/* Begin PBXGroup section */
		DA17263326DF7A0E009FBB3A /* Fields */ = {
			isa = PBXGroup;
			children = (
				DADBD62D2690A33700E7DB8F /* SpeakerSelectCell.swift */,
				DA57CDA12735761A00A3E4B8 /* SpeakerConfigButtonCell.swift */,
				DA888DCE2690DE1800C5734B /* AddSpeakerCell.swift */,
				DAC0EE4727908005005CCBC2 /* ConfigSwitchCell.swift */,
				DAC647C5275BBC8E0075DD15 /* AddConfigCell.swift */,
				DA888DC42690AD5500C5734B /* SpeakerSelectCellTestView.swift */,
			);
			path = Fields;
			sourceTree = "<group>";
		};
		DA224B70278B30DB00BC0595 /* Components */ = {
			isa = PBXGroup;
			children = (
			);
			path = Components;
			sourceTree = "<group>";
		};
		DA3E935127088FD6000BDF7E /* Fonts */ = {
			isa = PBXGroup;
			children = (
				DADBD61C267130CE00E7DB8F /* Barlow-Medium.ttf */,
				DADBD61E267130CE00E7DB8F /* Barlow-Regular.ttf */,
				DADBD61D267130CE00E7DB8F /* Barlow-ThinItalic.ttf */,
				DA67C23F2719DBE9009E2CFE /* Barlow-SemiBold.ttf */,
			);
			path = Fonts;
			sourceTree = "<group>";
		};
		DA67C23A2719BF8B009E2CFE /* Views */ = {
			isa = PBXGroup;
			children = (
				DA67C23B2719BFAF009E2CFE /* SpeakersListView.swift */,
				DAC647C1275BB27D0075DD15 /* AddSpeakerView.swift */,
				DA67C2432719E882009E2CFE /* SpeakerView.swift */,
				DAC647C3275BBACA0075DD15 /* AddConfigView.swift */,
				DA57CD9F2735756A00A3E4B8 /* SpeakerConfigurationView.swift */,
				DA67C2412719E2F6009E2CFE /* NavBarSettings.swift */,
			);
			name = Views;
			path = Fields;
			sourceTree = "<group>";
		};
		DAC647C7275BCE7B0075DD15 /* DataTypes */ = {
			isa = PBXGroup;
			children = (
				DAC647C8275BCE9A0075DD15 /* Speaker.swift */,
				DAC647CA275BD01B0075DD15 /* SpeakerConfig.swift */,
			);
			name = DataTypes;
			path = Fields;
			sourceTree = "<group>";
		};
		DADBD5B5266FE5A000E7DB8F = {
			isa = PBXGroup;
			children = (
				DA193B0A27D3AFEA006FFE5F /* WhisprGenericViews */,
				DADBD5C0266FE5A000E7DB8F /* Whispr */,
				DADBD5D2266FE5A200E7DB8F /* WhisprTests */,
				DADBD5DD266FE5A200E7DB8F /* WhisprUITests */,
				DADBD5BF266FE5A000E7DB8F /* Products */,
				DAE2091626E3F661007C3DA4 /* Frameworks */,
			);
			sourceTree = "<group>";
		};
		DADBD5BF266FE5A000E7DB8F /* Products */ = {
			isa = PBXGroup;
			children = (
				DADBD5BE266FE5A000E7DB8F /* Whispr.app */,
				DADBD5CF266FE5A200E7DB8F /* WhisprTests.xctest */,
				DADBD5DA266FE5A200E7DB8F /* WhisprUITests.xctest */,
			);
			name = Products;
			sourceTree = "<group>";
		};
		DADBD5C0266FE5A000E7DB8F /* Whispr */ = {
			isa = PBXGroup;
			children = (
				DAE2091926E4C272007C3DA4 /* ColorManager.swift */,
				DAE2091A26E4C272007C3DA4 /* FontManager.swift */,
				DADBD5FE267112D800E7DB8F /* Colors.xcassets */,
				DADBD5C1266FE5A000E7DB8F /* WhisprApp.swift */,
				DADBD5C3266FE5A000E7DB8F /* ContentView.swift */,
				DA224B70278B30DB00BC0595 /* Components */,
				DA67C23A2719BF8B009E2CFE /* Views */,
				DA17263326DF7A0E009FBB3A /* Fields */,
				DAC647C7275BCE7B0075DD15 /* DataTypes */,
				DADBD5C5266FE5A100E7DB8F /* Assets.xcassets */,
				DA3E935127088FD6000BDF7E /* Fonts */,
				DADBD5CA266FE5A100E7DB8F /* Info.plist */,
				DADBD5C7266FE5A100E7DB8F /* Preview Content */,
			);
			path = Whispr;
			sourceTree = "<group>";
		};
		DADBD5C7266FE5A100E7DB8F /* Preview Content */ = {
			isa = PBXGroup;
			children = (
				DADBD5C8266FE5A100E7DB8F /* Preview Assets.xcassets */,
			);
			path = "Preview Content";
			sourceTree = "<group>";
		};
		DADBD5D2266FE5A200E7DB8F /* WhisprTests */ = {
			isa = PBXGroup;
			children = (
				DADBD5D3266FE5A200E7DB8F /* WhisprTests.swift */,
				DADBD5D5266FE5A200E7DB8F /* Info.plist */,
			);
			path = WhisprTests;
			sourceTree = "<group>";
		};
		DADBD5DD266FE5A200E7DB8F /* WhisprUITests */ = {
			isa = PBXGroup;
			children = (
				DADBD5DE266FE5A200E7DB8F /* WhisprUITests.swift */,
				DADBD5E0266FE5A200E7DB8F /* Info.plist */,
			);
			path = WhisprUITests;
			sourceTree = "<group>";
		};
		DAE2091626E3F661007C3DA4 /* Frameworks */ = {
			isa = PBXGroup;
			children = (
			);
			name = Frameworks;
			sourceTree = "<group>";
		};
/* End PBXGroup section */

/* Begin PBXNativeTarget section */
		DADBD5BD266FE5A000E7DB8F /* Whispr */ = {
			isa = PBXNativeTarget;
			buildConfigurationList = DADBD5E3266FE5A200E7DB8F /* Build configuration list for PBXNativeTarget "Whispr" */;
			buildPhases = (
				DADBD5BA266FE5A000E7DB8F /* Sources */,
				DADBD5BB266FE5A000E7DB8F /* Frameworks */,
				DADBD5BC266FE5A000E7DB8F /* Resources */,
			);
			buildRules = (
			);
			dependencies = (
			);
			name = Whispr;
			packageProductDependencies = (
				DA193B0B27D3B136006FFE5F /* WhisprGenericViews */,
			);
			productName = Whispr;
			productReference = DADBD5BE266FE5A000E7DB8F /* Whispr.app */;
			productType = "com.apple.product-type.application";
		};
		DADBD5CE266FE5A200E7DB8F /* WhisprTests */ = {
			isa = PBXNativeTarget;
			buildConfigurationList = DADBD5E6266FE5A200E7DB8F /* Build configuration list for PBXNativeTarget "WhisprTests" */;
			buildPhases = (
				DADBD5CB266FE5A200E7DB8F /* Sources */,
				DADBD5CC266FE5A200E7DB8F /* Frameworks */,
				DADBD5CD266FE5A200E7DB8F /* Resources */,
			);
			buildRules = (
			);
			dependencies = (
				DADBD5D1266FE5A200E7DB8F /* PBXTargetDependency */,
			);
			name = WhisprTests;
			packageProductDependencies = (
			);
			productName = WhisprTests;
			productReference = DADBD5CF266FE5A200E7DB8F /* WhisprTests.xctest */;
			productType = "com.apple.product-type.bundle.unit-test";
		};
		DADBD5D9266FE5A200E7DB8F /* WhisprUITests */ = {
			isa = PBXNativeTarget;
			buildConfigurationList = DADBD5E9266FE5A200E7DB8F /* Build configuration list for PBXNativeTarget "WhisprUITests" */;
			buildPhases = (
				DADBD5D6266FE5A200E7DB8F /* Sources */,
				DADBD5D7266FE5A200E7DB8F /* Frameworks */,
				DADBD5D8266FE5A200E7DB8F /* Resources */,
			);
			buildRules = (
			);
			dependencies = (
				DADBD5DC266FE5A200E7DB8F /* PBXTargetDependency */,
			);
			name = WhisprUITests;
			packageProductDependencies = (
			);
			productName = WhisprUITests;
			productReference = DADBD5DA266FE5A200E7DB8F /* WhisprUITests.xctest */;
			productType = "com.apple.product-type.bundle.ui-testing";
		};
/* End PBXNativeTarget section */

/* Begin PBXProject section */
		DADBD5B6266FE5A000E7DB8F /* Project object */ = {
			isa = PBXProject;
			attributes = {
				LastSwiftUpdateCheck = 1220;
				LastUpgradeCheck = 1220;
				TargetAttributes = {
					DADBD5BD266FE5A000E7DB8F = {
						CreatedOnToolsVersion = 12.2;
					};
					DADBD5CE266FE5A200E7DB8F = {
						CreatedOnToolsVersion = 12.2;
						TestTargetID = DADBD5BD266FE5A000E7DB8F;
					};
					DADBD5D9266FE5A200E7DB8F = {
						CreatedOnToolsVersion = 12.2;
						TestTargetID = DADBD5BD266FE5A000E7DB8F;
					};
				};
			};
			buildConfigurationList = DADBD5B9266FE5A000E7DB8F /* Build configuration list for PBXProject "Whispr" */;
			compatibilityVersion = "Xcode 9.3";
			developmentRegion = en;
			hasScannedForEncodings = 0;
			knownRegions = (
				en,
				Base,
			);
			mainGroup = DADBD5B5266FE5A000E7DB8F;
			productRefGroup = DADBD5BF266FE5A000E7DB8F /* Products */;
			projectDirPath = "";
			projectRoot = "";
			targets = (
				DADBD5BD266FE5A000E7DB8F /* Whispr */,
				DADBD5CE266FE5A200E7DB8F /* WhisprTests */,
				DADBD5D9266FE5A200E7DB8F /* WhisprUITests */,
			);
		};
/* End PBXProject section */

/* Begin PBXResourcesBuildPhase section */
		DADBD5BC266FE5A000E7DB8F /* Resources */ = {
			isa = PBXResourcesBuildPhase;
			buildActionMask = 2147483647;
			files = (
				DADBD5FF267112D800E7DB8F /* Colors.xcassets in Resources */,
				DADBD5C9266FE5A100E7DB8F /* Preview Assets.xcassets in Resources */,
				DADBD61F267130CE00E7DB8F /* Barlow-Medium.ttf in Resources */,
				DADBD5C6266FE5A100E7DB8F /* Assets.xcassets in Resources */,
				DADBD621267130CE00E7DB8F /* Barlow-Regular.ttf in Resources */,
				DA67C2402719DBE9009E2CFE /* Barlow-SemiBold.ttf in Resources */,
				DADBD620267130CE00E7DB8F /* Barlow-ThinItalic.ttf in Resources */,
			);
			runOnlyForDeploymentPostprocessing = 0;
		};
		DADBD5CD266FE5A200E7DB8F /* Resources */ = {
			isa = PBXResourcesBuildPhase;
			buildActionMask = 2147483647;
			files = (
			);
			runOnlyForDeploymentPostprocessing = 0;
		};
		DADBD5D8266FE5A200E7DB8F /* Resources */ = {
			isa = PBXResourcesBuildPhase;
			buildActionMask = 2147483647;
			files = (
			);
			runOnlyForDeploymentPostprocessing = 0;
		};
/* End PBXResourcesBuildPhase section */

/* Begin PBXSourcesBuildPhase section */
		DADBD5BA266FE5A000E7DB8F /* Sources */ = {
			isa = PBXSourcesBuildPhase;
			buildActionMask = 2147483647;
			files = (
				DADBD5C4266FE5A000E7DB8F /* ContentView.swift in Sources */,
				DA57CDA22735761A00A3E4B8 /* SpeakerConfigButtonCell.swift in Sources */,
				DADBD62E2690A33700E7DB8F /* SpeakerSelectCell.swift in Sources */,
				DAC647C9275BCE9A0075DD15 /* Speaker.swift in Sources */,
				DAE2091C26E4C272007C3DA4 /* FontManager.swift in Sources */,
				DA57CDA02735756A00A3E4B8 /* SpeakerConfigurationView.swift in Sources */,
				DA888DCF2690DE1800C5734B /* AddSpeakerCell.swift in Sources */,
				DAC647C4275BBACA0075DD15 /* AddConfigView.swift in Sources */,
				DA67C2442719E882009E2CFE /* SpeakerView.swift in Sources */,
				DAE2091B26E4C272007C3DA4 /* ColorManager.swift in Sources */,
				DAC647C2275BB27D0075DD15 /* AddSpeakerView.swift in Sources */,
				DA888DC52690AD5500C5734B /* SpeakerSelectCellTestView.swift in Sources */,
				DA67C23C2719BFAF009E2CFE /* SpeakersListView.swift in Sources */,
				DAC647C6275BBC8E0075DD15 /* AddConfigCell.swift in Sources */,
				DADBD5C2266FE5A000E7DB8F /* WhisprApp.swift in Sources */,
				DAC647CB275BD01B0075DD15 /* SpeakerConfig.swift in Sources */,
				DAC0EE4827908005005CCBC2 /* ConfigSwitchCell.swift in Sources */,
				DA67C2422719E2F6009E2CFE /* NavBarSettings.swift in Sources */,
			);
			runOnlyForDeploymentPostprocessing = 0;
		};
		DADBD5CB266FE5A200E7DB8F /* Sources */ = {
			isa = PBXSourcesBuildPhase;
			buildActionMask = 2147483647;
			files = (
				DADBD5D4266FE5A200E7DB8F /* WhisprTests.swift in Sources */,
			);
			runOnlyForDeploymentPostprocessing = 0;
		};
		DADBD5D6266FE5A200E7DB8F /* Sources */ = {
			isa = PBXSourcesBuildPhase;
			buildActionMask = 2147483647;
			files = (
				DADBD5DF266FE5A200E7DB8F /* WhisprUITests.swift in Sources */,
			);
			runOnlyForDeploymentPostprocessing = 0;
		};
/* End PBXSourcesBuildPhase section */

/* Begin PBXTargetDependency section */
		DADBD5D1266FE5A200E7DB8F /* PBXTargetDependency */ = {
			isa = PBXTargetDependency;
			target = DADBD5BD266FE5A000E7DB8F /* Whispr */;
			targetProxy = DADBD5D0266FE5A200E7DB8F /* PBXContainerItemProxy */;
		};
		DADBD5DC266FE5A200E7DB8F /* PBXTargetDependency */ = {
			isa = PBXTargetDependency;
			target = DADBD5BD266FE5A000E7DB8F /* Whispr */;
			targetProxy = DADBD5DB266FE5A200E7DB8F /* PBXContainerItemProxy */;
		};
/* End PBXTargetDependency section */

/* Begin XCBuildConfiguration section */
		DADBD5E1266FE5A200E7DB8F /* Debug */ = {
			isa = XCBuildConfiguration;
			buildSettings = {
				ALWAYS_SEARCH_USER_PATHS = NO;
				CLANG_ANALYZER_NONNULL = YES;
				CLANG_ANALYZER_NUMBER_OBJECT_CONVERSION = YES_AGGRESSIVE;
				CLANG_CXX_LANGUAGE_STANDARD = "gnu++14";
				CLANG_CXX_LIBRARY = "libc++";
				CLANG_ENABLE_MODULES = YES;
				CLANG_ENABLE_OBJC_ARC = YES;
				CLANG_ENABLE_OBJC_WEAK = YES;
				CLANG_WARN_BLOCK_CAPTURE_AUTORELEASING = YES;
				CLANG_WARN_BOOL_CONVERSION = YES;
				CLANG_WARN_COMMA = YES;
				CLANG_WARN_CONSTANT_CONVERSION = YES;
				CLANG_WARN_DEPRECATED_OBJC_IMPLEMENTATIONS = YES;
				CLANG_WARN_DIRECT_OBJC_ISA_USAGE = YES_ERROR;
				CLANG_WARN_DOCUMENTATION_COMMENTS = YES;
				CLANG_WARN_EMPTY_BODY = YES;
				CLANG_WARN_ENUM_CONVERSION = YES;
				CLANG_WARN_INFINITE_RECURSION = YES;
				CLANG_WARN_INT_CONVERSION = YES;
				CLANG_WARN_NON_LITERAL_NULL_CONVERSION = YES;
				CLANG_WARN_OBJC_IMPLICIT_RETAIN_SELF = YES;
				CLANG_WARN_OBJC_LITERAL_CONVERSION = YES;
				CLANG_WARN_OBJC_ROOT_CLASS = YES_ERROR;
				CLANG_WARN_QUOTED_INCLUDE_IN_FRAMEWORK_HEADER = YES;
				CLANG_WARN_RANGE_LOOP_ANALYSIS = YES;
				CLANG_WARN_STRICT_PROTOTYPES = YES;
				CLANG_WARN_SUSPICIOUS_MOVE = YES;
				CLANG_WARN_UNGUARDED_AVAILABILITY = YES_AGGRESSIVE;
				CLANG_WARN_UNREACHABLE_CODE = YES;
				CLANG_WARN__DUPLICATE_METHOD_MATCH = YES;
				COPY_PHASE_STRIP = NO;
				DEBUG_INFORMATION_FORMAT = dwarf;
				ENABLE_STRICT_OBJC_MSGSEND = YES;
				ENABLE_TESTABILITY = YES;
				GCC_C_LANGUAGE_STANDARD = gnu11;
				GCC_DYNAMIC_NO_PIC = NO;
				GCC_NO_COMMON_BLOCKS = YES;
				GCC_OPTIMIZATION_LEVEL = 0;
				GCC_PREPROCESSOR_DEFINITIONS = (
					"DEBUG=1",
					"$(inherited)",
				);
				GCC_WARN_64_TO_32_BIT_CONVERSION = YES;
				GCC_WARN_ABOUT_RETURN_TYPE = YES_ERROR;
				GCC_WARN_UNDECLARED_SELECTOR = YES;
				GCC_WARN_UNINITIALIZED_AUTOS = YES_AGGRESSIVE;
				GCC_WARN_UNUSED_FUNCTION = YES;
				GCC_WARN_UNUSED_VARIABLE = YES;
				IPHONEOS_DEPLOYMENT_TARGET = 14.1;
				MTL_ENABLE_DEBUG_INFO = INCLUDE_SOURCE;
				MTL_FAST_MATH = YES;
				ONLY_ACTIVE_ARCH = YES;
				SDKROOT = iphoneos;
				SWIFT_ACTIVE_COMPILATION_CONDITIONS = DEBUG;
				SWIFT_OPTIMIZATION_LEVEL = "-Onone";
			};
			name = Debug;
		};
		DADBD5E2266FE5A200E7DB8F /* Release */ = {
			isa = XCBuildConfiguration;
			buildSettings = {
				ALWAYS_SEARCH_USER_PATHS = NO;
				CLANG_ANALYZER_NONNULL = YES;
				CLANG_ANALYZER_NUMBER_OBJECT_CONVERSION = YES_AGGRESSIVE;
				CLANG_CXX_LANGUAGE_STANDARD = "gnu++14";
				CLANG_CXX_LIBRARY = "libc++";
				CLANG_ENABLE_MODULES = YES;
				CLANG_ENABLE_OBJC_ARC = YES;
				CLANG_ENABLE_OBJC_WEAK = YES;
				CLANG_WARN_BLOCK_CAPTURE_AUTORELEASING = YES;
				CLANG_WARN_BOOL_CONVERSION = YES;
				CLANG_WARN_COMMA = YES;
				CLANG_WARN_CONSTANT_CONVERSION = YES;
				CLANG_WARN_DEPRECATED_OBJC_IMPLEMENTATIONS = YES;
				CLANG_WARN_DIRECT_OBJC_ISA_USAGE = YES_ERROR;
				CLANG_WARN_DOCUMENTATION_COMMENTS = YES;
				CLANG_WARN_EMPTY_BODY = YES;
				CLANG_WARN_ENUM_CONVERSION = YES;
				CLANG_WARN_INFINITE_RECURSION = YES;
				CLANG_WARN_INT_CONVERSION = YES;
				CLANG_WARN_NON_LITERAL_NULL_CONVERSION = YES;
				CLANG_WARN_OBJC_IMPLICIT_RETAIN_SELF = YES;
				CLANG_WARN_OBJC_LITERAL_CONVERSION = YES;
				CLANG_WARN_OBJC_ROOT_CLASS = YES_ERROR;
				CLANG_WARN_QUOTED_INCLUDE_IN_FRAMEWORK_HEADER = YES;
				CLANG_WARN_RANGE_LOOP_ANALYSIS = YES;
				CLANG_WARN_STRICT_PROTOTYPES = YES;
				CLANG_WARN_SUSPICIOUS_MOVE = YES;
				CLANG_WARN_UNGUARDED_AVAILABILITY = YES_AGGRESSIVE;
				CLANG_WARN_UNREACHABLE_CODE = YES;
				CLANG_WARN__DUPLICATE_METHOD_MATCH = YES;
				COPY_PHASE_STRIP = NO;
				DEBUG_INFORMATION_FORMAT = "dwarf-with-dsym";
				ENABLE_NS_ASSERTIONS = NO;
				ENABLE_STRICT_OBJC_MSGSEND = YES;
				GCC_C_LANGUAGE_STANDARD = gnu11;
				GCC_NO_COMMON_BLOCKS = YES;
				GCC_WARN_64_TO_32_BIT_CONVERSION = YES;
				GCC_WARN_ABOUT_RETURN_TYPE = YES_ERROR;
				GCC_WARN_UNDECLARED_SELECTOR = YES;
				GCC_WARN_UNINITIALIZED_AUTOS = YES_AGGRESSIVE;
				GCC_WARN_UNUSED_FUNCTION = YES;
				GCC_WARN_UNUSED_VARIABLE = YES;
				IPHONEOS_DEPLOYMENT_TARGET = 14.1;
				MTL_ENABLE_DEBUG_INFO = NO;
				MTL_FAST_MATH = YES;
				SDKROOT = iphoneos;
				SWIFT_COMPILATION_MODE = wholemodule;
				SWIFT_OPTIMIZATION_LEVEL = "-O";
				VALIDATE_PRODUCT = YES;
			};
			name = Release;
		};
		DADBD5E4266FE5A200E7DB8F /* Debug */ = {
			isa = XCBuildConfiguration;
			buildSettings = {
				ASSETCATALOG_COMPILER_APPICON_NAME = AppIcon;
				ASSETCATALOG_COMPILER_GLOBAL_ACCENT_COLOR_NAME = AccentColor;
				CODE_SIGN_STYLE = Automatic;
				DEVELOPMENT_ASSET_PATHS = "\"Whispr/Preview Content\"";
				DEVELOPMENT_TEAM = CUKPDDT2TD;
				ENABLE_PREVIEWS = YES;
				INFOPLIST_FILE = Whispr/Info.plist;
				IPHONEOS_DEPLOYMENT_TARGET = 14.1;
				LD_RUNPATH_SEARCH_PATHS = (
					"$(inherited)",
					"@executable_path/Frameworks",
				);
				PRODUCT_BUNDLE_IDENTIFIER = Whispr.Whispr;
				PRODUCT_NAME = "$(TARGET_NAME)";
				SWIFT_VERSION = 5.0;
				TARGETED_DEVICE_FAMILY = "1,2";
			};
			name = Debug;
		};
		DADBD5E5266FE5A200E7DB8F /* Release */ = {
			isa = XCBuildConfiguration;
			buildSettings = {
				ASSETCATALOG_COMPILER_APPICON_NAME = AppIcon;
				ASSETCATALOG_COMPILER_GLOBAL_ACCENT_COLOR_NAME = AccentColor;
				CODE_SIGN_STYLE = Automatic;
				DEVELOPMENT_ASSET_PATHS = "\"Whispr/Preview Content\"";
				DEVELOPMENT_TEAM = CUKPDDT2TD;
				ENABLE_PREVIEWS = YES;
				INFOPLIST_FILE = Whispr/Info.plist;
				IPHONEOS_DEPLOYMENT_TARGET = 14.1;
				LD_RUNPATH_SEARCH_PATHS = (
					"$(inherited)",
					"@executable_path/Frameworks",
				);
				PRODUCT_BUNDLE_IDENTIFIER = Whispr.Whispr;
				PRODUCT_NAME = "$(TARGET_NAME)";
				SWIFT_VERSION = 5.0;
				TARGETED_DEVICE_FAMILY = "1,2";
			};
			name = Release;
		};
		DADBD5E7266FE5A200E7DB8F /* Debug */ = {
			isa = XCBuildConfiguration;
			buildSettings = {
				ALWAYS_EMBED_SWIFT_STANDARD_LIBRARIES = YES;
				BUNDLE_LOADER = "$(TEST_HOST)";
				CODE_SIGN_STYLE = Automatic;
				DEVELOPMENT_TEAM = CUKPDDT2TD;
				INFOPLIST_FILE = WhisprTests/Info.plist;
				IPHONEOS_DEPLOYMENT_TARGET = 14.0;
				LD_RUNPATH_SEARCH_PATHS = (
					"$(inherited)",
					"@executable_path/Frameworks",
					"@loader_path/Frameworks",
				);
				PRODUCT_BUNDLE_IDENTIFIER = Whispr.WhisprTests;
				PRODUCT_NAME = "$(TARGET_NAME)";
				SWIFT_VERSION = 5.0;
				TARGETED_DEVICE_FAMILY = "1,2";
				TEST_HOST = "$(BUILT_PRODUCTS_DIR)/Whispr.app/Whispr";
			};
			name = Debug;
		};
		DADBD5E8266FE5A200E7DB8F /* Release */ = {
			isa = XCBuildConfiguration;
			buildSettings = {
				ALWAYS_EMBED_SWIFT_STANDARD_LIBRARIES = YES;
				BUNDLE_LOADER = "$(TEST_HOST)";
				CODE_SIGN_STYLE = Automatic;
				DEVELOPMENT_TEAM = CUKPDDT2TD;
				INFOPLIST_FILE = WhisprTests/Info.plist;
				IPHONEOS_DEPLOYMENT_TARGET = 14.0;
				LD_RUNPATH_SEARCH_PATHS = (
					"$(inherited)",
					"@executable_path/Frameworks",
					"@loader_path/Frameworks",
				);
				PRODUCT_BUNDLE_IDENTIFIER = Whispr.WhisprTests;
				PRODUCT_NAME = "$(TARGET_NAME)";
				SWIFT_VERSION = 5.0;
				TARGETED_DEVICE_FAMILY = "1,2";
				TEST_HOST = "$(BUILT_PRODUCTS_DIR)/Whispr.app/Whispr";
			};
			name = Release;
		};
		DADBD5EA266FE5A200E7DB8F /* Debug */ = {
			isa = XCBuildConfiguration;
			buildSettings = {
				ALWAYS_EMBED_SWIFT_STANDARD_LIBRARIES = YES;
				CODE_SIGN_STYLE = Automatic;
				DEVELOPMENT_TEAM = CUKPDDT2TD;
				INFOPLIST_FILE = WhisprUITests/Info.plist;
				LD_RUNPATH_SEARCH_PATHS = (
					"$(inherited)",
					"@executable_path/Frameworks",
					"@loader_path/Frameworks",
				);
				PRODUCT_BUNDLE_IDENTIFIER = Whispr.WhisprUITests;
				PRODUCT_NAME = "$(TARGET_NAME)";
				SWIFT_VERSION = 5.0;
				TARGETED_DEVICE_FAMILY = "1,2";
				TEST_TARGET_NAME = Whispr;
			};
			name = Debug;
		};
		DADBD5EB266FE5A200E7DB8F /* Release */ = {
			isa = XCBuildConfiguration;
			buildSettings = {
				ALWAYS_EMBED_SWIFT_STANDARD_LIBRARIES = YES;
				CODE_SIGN_STYLE = Automatic;
				DEVELOPMENT_TEAM = CUKPDDT2TD;
				INFOPLIST_FILE = WhisprUITests/Info.plist;
				LD_RUNPATH_SEARCH_PATHS = (
					"$(inherited)",
					"@executable_path/Frameworks",
					"@loader_path/Frameworks",
				);
				PRODUCT_BUNDLE_IDENTIFIER = Whispr.WhisprUITests;
				PRODUCT_NAME = "$(TARGET_NAME)";
				SWIFT_VERSION = 5.0;
				TARGETED_DEVICE_FAMILY = "1,2";
				TEST_TARGET_NAME = Whispr;
			};
			name = Release;
		};
/* End XCBuildConfiguration section */

/* Begin XCConfigurationList section */
		DADBD5B9266FE5A000E7DB8F /* Build configuration list for PBXProject "Whispr" */ = {
			isa = XCConfigurationList;
			buildConfigurations = (
				DADBD5E1266FE5A200E7DB8F /* Debug */,
				DADBD5E2266FE5A200E7DB8F /* Release */,
			);
			defaultConfigurationIsVisible = 0;
			defaultConfigurationName = Release;
		};
		DADBD5E3266FE5A200E7DB8F /* Build configuration list for PBXNativeTarget "Whispr" */ = {
			isa = XCConfigurationList;
			buildConfigurations = (
				DADBD5E4266FE5A200E7DB8F /* Debug */,
				DADBD5E5266FE5A200E7DB8F /* Release */,
			);
			defaultConfigurationIsVisible = 0;
			defaultConfigurationName = Release;
		};
		DADBD5E6266FE5A200E7DB8F /* Build configuration list for PBXNativeTarget "WhisprTests" */ = {
			isa = XCConfigurationList;
			buildConfigurations = (
				DADBD5E7266FE5A200E7DB8F /* Debug */,
				DADBD5E8266FE5A200E7DB8F /* Release */,
			);
			defaultConfigurationIsVisible = 0;
			defaultConfigurationName = Release;
		};
		DADBD5E9266FE5A200E7DB8F /* Build configuration list for PBXNativeTarget "WhisprUITests" */ = {
			isa = XCConfigurationList;
			buildConfigurations = (
				DADBD5EA266FE5A200E7DB8F /* Debug */,
				DADBD5EB266FE5A200E7DB8F /* Release */,
			);
			defaultConfigurationIsVisible = 0;
			defaultConfigurationName = Release;
		};
/* End XCConfigurationList section */

/* Begin XCSwiftPackageProductDependency section */
		DA193B0B27D3B136006FFE5F /* WhisprGenericViews */ = {
			isa = XCSwiftPackageProductDependency;
			productName = WhisprGenericViews;
		};
/* End XCSwiftPackageProductDependency section */
	};
	rootObject = DADBD5B6266FE5A000E7DB8F /* Project object */;
}
